{
  "name": "chat_project",
  "version": "1.0.0",
  "lockfileVersion": 1,
  "requires": true,
  "dependencies": {
    "hapi": {
      "version": "13.2.1",
      "resolved": "https://registry.npmjs.org/hapi/-/hapi-13.2.1.tgz",
      "integrity": "sha1-YTnYlgFU5cVtsWrXn6iooe7rqU4=",
      "requires": {
        "accept": "2.1.0",
        "ammo": "2.0.0",
        "boom": "3.1.2",
        "call": "3.0.0",
        "catbox": "7.1.0",
        "catbox-memory": "2.0.1",
        "cryptiles": "3.0.0",
        "heavy": "4.0.0",
        "hoek": "3.0.4",
        "iron": "4.0.0",
        "items": "2.0.0",
        "joi": "8.0.4",
        "kilt": "2.0.0",
        "mimos": "3.0.0",
        "peekaboo": "2.0.0",
        "shot": "3.0.1",
        "statehood": "4.0.0",
        "subtext": "4.0.0",
        "topo": "2.0.0"
      },
      "dependencies": {
        "accept": {
          "version": "2.1.0",
          "resolved": "https://registry.npmjs.org/accept/-/accept-2.1.0.tgz",
          "integrity": "sha1-VXac/1giuB2mTfZtKgkZkVd3beg=",
          "requires": {
            "boom": "3.1.2",
            "hoek": "3.0.4"
          }
        },
        "ammo": {
          "version": "2.0.0",
          "resolved": "https://registry.npmjs.org/ammo/-/ammo-2.0.0.tgz",
          "integrity": "sha1-FNvfwfti19gmAgbTfkghkmXSS+g=",
          "requires": {
            "boom": "3.1.2",
            "hoek": "3.0.4"
          }
        },
        "boom": {
          "version": "3.1.2",
          "resolved": "https://registry.npmjs.org/boom/-/boom-3.1.2.tgz",
          "integrity": "sha1-PGznIFR2X4bXmX8WAEV9fpRInrg=",
          "requires": {
            "hoek": "3.0.4"
          }
        },
        "call": {
          "version": "3.0.0",
          "resolved": "https://registry.npmjs.org/call/-/call-3.0.0.tgz",
          "integrity": "sha1-6VTpAzInH3qxJgtN4BjWjq+z8BE=",
          "requires": {
            "boom": "3.1.2",
            "hoek": "3.0.4"
          }
        },
        "catbox": {
          "version": "7.1.0",
          "resolved": "https://registry.npmjs.org/catbox/-/catbox-7.1.0.tgz",
          "integrity": "sha1-Fpo+9ol3Pb9HHI2IEeslGm3ss/Q=",
          "requires": {
            "boom": "3.1.2",
            "hoek": "3.0.4",
            "joi": "8.0.4"
          }
        },
        "catbox-memory": {
          "version": "2.0.1",
          "resolved": "https://registry.npmjs.org/catbox-memory/-/catbox-memory-2.0.1.tgz",
          "integrity": "sha1-vfxec2RI/hbA/5FCfU2xGsNNk5Y=",
          "requires": {
            "hoek": "3.0.4"
          }
        },
        "cryptiles": {
          "version": "3.0.0",
          "resolved": "https://registry.npmjs.org/cryptiles/-/cryptiles-3.0.0.tgz",
          "integrity": "sha1-4Uj7j2ZqhxKEPd9lwZZ2nR44eQw=",
          "requires": {
            "boom": "3.1.2"
          }
        },
        "heavy": {
          "version": "4.0.0",
          "resolved": "https://registry.npmjs.org/heavy/-/heavy-4.0.0.tgz",
          "integrity": "sha1-ffqckK80PxaAaoxIootJmiPexHE=",
          "requires": {
            "boom": "3.1.2",
            "hoek": "3.0.4",
            "joi": "8.0.4"
          }
        },
        "hoek": {
          "version": "3.0.4",
          "resolved": "https://registry.npmjs.org/hoek/-/hoek-3.0.4.tgz",
          "integrity": "sha1-Jorf9mu2aVxptHiaiLHghHw/MSM="
        },
        "iron": {
          "version": "4.0.0",
          "resolved": "https://registry.npmjs.org/iron/-/iron-4.0.0.tgz",
          "integrity": "sha1-+bmFr/IaCY5hV/TfyiLoIYNlNSc=",
          "requires": {
            "boom": "3.1.2",
            "cryptiles": "3.0.0",
            "hoek": "3.0.4"
          }
        },
        "items": {
          "version": "2.0.0",
          "resolved": "https://registry.npmjs.org/items/-/items-2.0.0.tgz",
          "integrity": "sha1-0Uqxfgyce47mk3dT07mlbgjUrXo="
        },
        "joi": {
          "version": "8.0.4",
          "resolved": "https://registry.npmjs.org/joi/-/joi-8.0.4.tgz",
          "integrity": "sha1-Wx6x7kqU3aideMV3yiHhvnw/XXA=",
          "requires": {
            "hoek": "3.0.4",
            "isemail": "2.1.0",
            "moment": "2.12.0",
            "topo": "2.0.0"
          },
          "dependencies": {
            "isemail": {
              "version": "2.1.0",
              "resolved": "https://registry.npmjs.org/isemail/-/isemail-2.1.0.tgz",
              "integrity": "sha1-f1Qz5GnYj0b7gfg/USDzbfA44v8="
            },
            "moment": {
              "version": "2.12.0",
              "resolved": "https://registry.npmjs.org/moment/-/moment-2.12.0.tgz",
              "integrity": "sha1-3CVg0Zg41sBzGxpq+gRnUmTTYNY="
            }
          }
        },
        "kilt": {
          "version": "2.0.0",
          "resolved": "https://registry.npmjs.org/kilt/-/kilt-2.0.0.tgz",
          "integrity": "sha1-igb2YkoUhHRBwQLDsS6e8Gr13fI=",
          "requires": {
            "hoek": "3.0.4"
          }
        },
        "mimos": {
          "version": "3.0.0",
          "resolved": "https://registry.npmjs.org/mimos/-/mimos-3.0.0.tgz",
          "integrity": "sha1-SygG4SXbvfcdmyzZ8LO0VsQDyCE=",
          "requires": {
            "hoek": "3.0.4",
            "mime-db": "1.22.0"
          },
          "dependencies": {
            "mime-db": {
              "version": "1.22.0",
              "resolved": "https://registry.npmjs.org/mime-db/-/mime-db-1.22.0.tgz",
              "integrity": "sha1-qyOmNy3J2G09yRIb0OvTgQWhkEo="
            }
          }
        },
        "peekaboo": {
          "version": "2.0.0",
          "resolved": "https://registry.npmjs.org/peekaboo/-/peekaboo-2.0.0.tgz",
          "integrity": "sha1-ilS71o7esMtbMUSZHhU10tSS3Jc="
        },
        "shot": {
          "version": "3.0.1",
          "resolved": "https://registry.npmjs.org/shot/-/shot-3.0.1.tgz",
          "integrity": "sha1-stArY/lJgeQ2+aJ/ApWfSSZZE2A="
        },
        "statehood": {
          "version": "4.0.0",
          "resolved": "https://registry.npmjs.org/statehood/-/statehood-4.0.0.tgz",
          "integrity": "sha1-AKSRJhXjq5UWbcUzr7oR4XePAB0=",
          "requires": {
            "boom": "3.1.2",
            "cryptiles": "3.0.0",
            "hoek": "3.0.4",
            "iron": "4.0.0",
            "items": "2.0.0",
            "joi": "8.0.4"
          }
        },
        "subtext": {
          "version": "4.0.0",
          "resolved": "https://registry.npmjs.org/subtext/-/subtext-4.0.0.tgz",
          "integrity": "sha1-+tdpXdgv3wuApr8jVRIHcZu5Xrg=",
          "requires": {
            "boom": "3.1.2",
            "content": "3.0.0",
            "hoek": "3.0.4",
            "pez": "2.0.1",
            "wreck": "7.0.2"
          },
          "dependencies": {
            "content": {
              "version": "3.0.0",
              "resolved": "https://registry.npmjs.org/content/-/content-3.0.0.tgz",
              "integrity": "sha1-+xpmghRxLKPdGKTsuw9f5x+35s0=",
              "requires": {
                "boom": "3.1.2"
              }
            },
            "pez": {
              "version": "2.0.1",
              "resolved": "https://registry.npmjs.org/pez/-/pez-2.0.1.tgz",
              "integrity": "sha1-WAV4vrF/GU03y4dN+8aHzM3omxE=",
              "requires": {
                "b64": "3.0.0",
                "boom": "3.1.2",
                "content": "3.0.0",
                "hoek": "3.0.4",
                "nigel": "2.0.0"
              },
              "dependencies": {
                "b64": {
                  "version": "3.0.0",
                  "resolved": "https://registry.npmjs.org/b64/-/b64-3.0.0.tgz",
                  "integrity": "sha1-MrMhzdoLmzEMdi05OrqSAdjk8hc=",
                  "requires": {
                    "hoek": "3.0.4"
                  }
                },
                "nigel": {
                  "version": "2.0.0",
                  "resolved": "https://registry.npmjs.org/nigel/-/nigel-2.0.0.tgz",
                  "integrity": "sha1-4lEYegUz6ufIIy99ejhlrkdorWk=",
                  "requires": {
                    "hoek": "3.0.4",
                    "vise": "2.0.0"
                  },
                  "dependencies": {
                    "vise": {
                      "version": "2.0.0",
                      "resolved": "https://registry.npmjs.org/vise/-/vise-2.0.0.tgz",
                      "integrity": "sha1-eNaLZOdJXqWYqcJMby4GLk1XldY=",
                      "requires": {
                        "hoek": "3.0.4"
                      }
                    }
                  }
                }
              }
            },
            "wreck": {
              "version": "7.0.2",
              "resolved": "https://registry.npmjs.org/wreck/-/wreck-7.0.2.tgz",
              "integrity": "sha1-YqsIv4yzCCQRT6fae3gQEnng0Zs=",
              "requires": {
                "boom": "3.1.2",
                "hoek": "3.0.4"
              }
            }
          }
        },
        "topo": {
          "version": "2.0.0",
          "resolved": "https://registry.npmjs.org/topo/-/topo-2.0.0.tgz",
          "integrity": "sha1-MVya7bhoytW2FhWWPJ/Qm+kSwe0=",
          "requires": {
            "hoek": "3.0.4"
          }
        }
      }
    },
    "hoek": {
      "version": "4.2.1",
      "resolved": "https://registry.npmjs.org/hoek/-/hoek-4.2.1.tgz",
      "integrity": "sha512-QLg82fGkfnJ/4iy1xZ81/9SIJiq1NGFUMGs6ParyjBZr6jW2Ufj/snDqTHixNlHdPNwN2RLVD0Pi3igeK9+JfA=="
    },
    "isemail": {
      "version": "2.2.1",
      "resolved": "https://registry.npmjs.org/isemail/-/isemail-2.2.1.tgz",
      "integrity": "sha1-A1PT2aYpUQgMJiwqoKQrjqjp4qY="
    },
    "joi": {
      "version": "8.4.2",
      "resolved": "https://registry.npmjs.org/joi/-/joi-8.4.2.tgz",
      "integrity": "sha1-vXd0ZY/pkFjYmU7R1LmWJITruFk=",
      "requires": {
        "hoek": "4.2.1",
        "isemail": "2.2.1",
        "moment": "2.20.1",
        "topo": "2.0.2"
      },
      "dependencies": {
        "hoek": {
          "version": "4.2.1",
          "resolved": "https://registry.npmjs.org/hoek/-/hoek-4.2.1.tgz",
          "integrity": "sha512-QLg82fGkfnJ/4iy1xZ81/9SIJiq1NGFUMGs6ParyjBZr6jW2Ufj/snDqTHixNlHdPNwN2RLVD0Pi3igeK9+JfA=="
        }
      }
    },
    "minimal-request-promise": {
      "version": "1.5.0",
      "resolved": "https://registry.npmjs.org/minimal-request-promise/-/minimal-request-promise-1.5.0.tgz",
      "integrity": "sha1-YPXX9VtAJtGXB04uFVYm1MxcLrw="
    },
    "moment": {
      "version": "2.20.1",
      "resolved": "https://registry.npmjs.org/moment/-/moment-2.20.1.tgz",
      "integrity": "sha512-Yh9y73JRljxW5QxN08Fner68eFLxM5ynNOAw2LbIB1YAGeQzZT8QFSUvkAz609Zf+IHhhaUxqZK8dG3W/+HEvg=="
    },
    "topo": {
      "version": "2.0.2",
      "resolved": "https://registry.npmjs.org/topo/-/topo-2.0.2.tgz",
      "integrity": "sha1-zVYVdSU5BXwNwEkaYhw7xvvh0YI=",
      "requires": {
        "hoek": "4.2.1"
      },
      "dependencies": {
        "hoek": {
          "version": "4.2.1",
          "resolved": "https://registry.npmjs.org/hoek/-/hoek-4.2.1.tgz",
          "integrity": "sha512-QLg82fGkfnJ/4iy1xZ81/9SIJiq1NGFUMGs6ParyjBZr6jW2Ufj/snDqTHixNlHdPNwN2RLVD0Pi3igeK9+JfA=="
        }
      }
    }
  }
}
